
Microsoft Visual Studio Solution File, Format Version 12.00
# Visual Studio Version 17
VisualStudioVersion = 17.14.36202.13
MinimumVisualStudioVersion = 10.0.40219.1
Project("{2150E333-8FDC-42A3-9474-1A3956D46DE8}") = "Services", "Services", "{02EA681E-C7D8-13C7-8484-4AC65E1B71E8}"
EndProject
Project("{2150E333-8FDC-42A3-9474-1A3956D46DE8}") = "API", "API", "{1516ED67-2514-4808-9343-E662D53FFF71}"
EndProject
Project("{2150E333-8FDC-42A3-9474-1A3956D46DE8}") = "GestaoConteudo", "GestaoConteudo", "{D874BE29-20C9-4861-8638-07D49DF5F2B2}"
EndProject
Project("{2150E333-8FDC-42A3-9474-1A3956D46DE8}") = "GestaoAlunos", "GestaoAlunos", "{AAC2A6D8-2298-4AF7-8432-462AFA914EE4}"
EndProject
Project("{2150E333-8FDC-42A3-9474-1A3956D46DE8}") = "PagamentoFaturamento", "PagamentoFaturamento", "{5FE0CE61-81C8-4B39-A688-F7A5EE708220}"
EndProject
Project("{2150E333-8FDC-42A3-9474-1A3956D46DE8}") = "Core", "Core", "{77B24238-5D9E-4938-8AE7-15A28EDF2244}"
EndProject
Project("{FAE04EC0-301F-11D3-BF4B-00C04F79EFBC}") = "Academy.Core", "src\Core\Academy.Core\Academy.Core.csproj", "{8C81F251-855C-4F90-9FCB-33ED50727125}"
EndProject
Project("{FAE04EC0-301F-11D3-BF4B-00C04F79EFBC}") = "Academy.GestaoConteudo.Domain", "src\GestaoConteudo\Academy.GestaoConteudo.Domain\Academy.GestaoConteudo.Domain.csproj", "{95A47969-C1AD-42EC-8589-00C3BEC7C64E}"
EndProject
Project("{FAE04EC0-301F-11D3-BF4B-00C04F79EFBC}") = "Academy.GestaoConteudo.Data", "src\GestaoConteudo\Academy.GestaoConteudo.Data\Academy.GestaoConteudo.Data.csproj", "{1B950583-8DFE-06F0-A819-B968B9EEAF11}"
EndProject
Project("{FAE04EC0-301F-11D3-BF4B-00C04F79EFBC}") = "Academy.GestaoConteudo.Application", "src\GestaoConteudo\Academy.GestaoConteudo.Application\Academy.GestaoConteudo.Application.csproj", "{A90DD042-FBB9-DEF0-FEB4-E2ADCC379306}"
EndProject
Project("{FAE04EC0-301F-11D3-BF4B-00C04F79EFBC}") = "Academy.Api", "src\Api\Academy\Academy.Api.csproj", "{C45C380A-6A31-4E5F-BA61-CDB4461D0661}"
EndProject
Project("{2150E333-8FDC-42A3-9474-1A3956D46DE8}") = "Application", "Application", "{D049B4A6-B82E-4FFB-9C73-E8697B5424A8}"
EndProject
Project("{2150E333-8FDC-42A3-9474-1A3956D46DE8}") = "Domain", "Domain", "{8EE44C4F-E0B7-4655-953A-B250AA89352E}"
EndProject
Project("{2150E333-8FDC-42A3-9474-1A3956D46DE8}") = "Data", "Data", "{6E5F6449-B33F-468E-B77D-675D819047BC}"
EndProject
Project("{2150E333-8FDC-42A3-9474-1A3956D46DE8}") = "Domain", "Domain", "{4A92435F-5BE8-40C9-9FC7-65AC6EBAD2B2}"
EndProject
Project("{2150E333-8FDC-42A3-9474-1A3956D46DE8}") = "Application", "Application", "{46027DBA-3299-4D39-9CA2-7701519CB666}"
EndProject
Project("{2150E333-8FDC-42A3-9474-1A3956D46DE8}") = "Data", "Data", "{34701551-648A-47D3-B89A-CA29957D39B8}"
EndProject
Project("{2150E333-8FDC-42A3-9474-1A3956D46DE8}") = "Domain", "Domain", "{B06FCCC2-4657-4E6F-A0F6-A2EE8E4FB602}"
EndProject
Project("{2150E333-8FDC-42A3-9474-1A3956D46DE8}") = "Application", "Application", "{15167505-54BD-4632-80CF-4CF45B19F07F}"
EndProject
Project("{2150E333-8FDC-42A3-9474-1A3956D46DE8}") = "Data", "Data", "{8545B8BC-F7D1-4531-B9DE-7DFF4100B355}"
EndProject
Project("{FAE04EC0-301F-11D3-BF4B-00C04F79EFBC}") = "Academy.GestaoAlunos.Domain", "src\GestaoAluno\Academy.GestaoAlunos.Domain\Academy.GestaoAlunos.Domain.csproj", "{BFDE5A58-1092-4659-8324-4AAFE3F10BE3}"
EndProject
Project("{FAE04EC0-301F-11D3-BF4B-00C04F79EFBC}") = "Academy.GestaoAlunos.Data", "src\GestaoAluno\Academy.GestaoAlunos.Data\Academy.GestaoAlunos.Data.csproj", "{7FBC40C5-B7D2-424B-A937-A326B4801C45}"
EndProject
Project("{FAE04EC0-301F-11D3-BF4B-00C04F79EFBC}") = "Academy.GestaoAlunos.Application", "src\GestaoAluno\Academy.GestaoAlunos.Application\Academy.GestaoAlunos.Application.csproj", "{5CC95DBA-8280-400A-A86A-7BEDD8E08B88}"
EndProject
Global
	GlobalSection(SolutionConfigurationPlatforms) = preSolution
		Debug|Any CPU = Debug|Any CPU
		Release|Any CPU = Release|Any CPU
	EndGlobalSection
	GlobalSection(ProjectConfigurationPlatforms) = postSolution
		{8C81F251-855C-4F90-9FCB-33ED50727125}.Debug|Any CPU.ActiveCfg = Debug|Any CPU
		{8C81F251-855C-4F90-9FCB-33ED50727125}.Debug|Any CPU.Build.0 = Debug|Any CPU
		{8C81F251-855C-4F90-9FCB-33ED50727125}.Release|Any CPU.ActiveCfg = Release|Any CPU
		{8C81F251-855C-4F90-9FCB-33ED50727125}.Release|Any CPU.Build.0 = Release|Any CPU
		{95A47969-C1AD-42EC-8589-00C3BEC7C64E}.Debug|Any CPU.ActiveCfg = Debug|Any CPU
		{95A47969-C1AD-42EC-8589-00C3BEC7C64E}.Debug|Any CPU.Build.0 = Debug|Any CPU
		{95A47969-C1AD-42EC-8589-00C3BEC7C64E}.Release|Any CPU.ActiveCfg = Release|Any CPU
		{95A47969-C1AD-42EC-8589-00C3BEC7C64E}.Release|Any CPU.Build.0 = Release|Any CPU
		{1B950583-8DFE-06F0-A819-B968B9EEAF11}.Debug|Any CPU.ActiveCfg = Debug|Any CPU
		{1B950583-8DFE-06F0-A819-B968B9EEAF11}.Debug|Any CPU.Build.0 = Debug|Any CPU
		{1B950583-8DFE-06F0-A819-B968B9EEAF11}.Release|Any CPU.ActiveCfg = Release|Any CPU
		{1B950583-8DFE-06F0-A819-B968B9EEAF11}.Release|Any CPU.Build.0 = Release|Any CPU
		{A90DD042-FBB9-DEF0-FEB4-E2ADCC379306}.Debug|Any CPU.ActiveCfg = Debug|Any CPU
		{A90DD042-FBB9-DEF0-FEB4-E2ADCC379306}.Debug|Any CPU.Build.0 = Debug|Any CPU
		{A90DD042-FBB9-DEF0-FEB4-E2ADCC379306}.Release|Any CPU.ActiveCfg = Release|Any CPU
		{A90DD042-FBB9-DEF0-FEB4-E2ADCC379306}.Release|Any CPU.Build.0 = Release|Any CPU
		{C45C380A-6A31-4E5F-BA61-CDB4461D0661}.Debug|Any CPU.ActiveCfg = Debug|Any CPU
		{C45C380A-6A31-4E5F-BA61-CDB4461D0661}.Debug|Any CPU.Build.0 = Debug|Any CPU
		{C45C380A-6A31-4E5F-BA61-CDB4461D0661}.Release|Any CPU.ActiveCfg = Release|Any CPU
		{C45C380A-6A31-4E5F-BA61-CDB4461D0661}.Release|Any CPU.Build.0 = Release|Any CPU
		{BFDE5A58-1092-4659-8324-4AAFE3F10BE3}.Debug|Any CPU.ActiveCfg = Debug|Any CPU
		{BFDE5A58-1092-4659-8324-4AAFE3F10BE3}.Debug|Any CPU.Build.0 = Debug|Any CPU
		{BFDE5A58-1092-4659-8324-4AAFE3F10BE3}.Release|Any CPU.ActiveCfg = Release|Any CPU
		{BFDE5A58-1092-4659-8324-4AAFE3F10BE3}.Release|Any CPU.Build.0 = Release|Any CPU
		{7FBC40C5-B7D2-424B-A937-A326B4801C45}.Debug|Any CPU.ActiveCfg = Debug|Any CPU
		{7FBC40C5-B7D2-424B-A937-A326B4801C45}.Debug|Any CPU.Build.0 = Debug|Any CPU
		{7FBC40C5-B7D2-424B-A937-A326B4801C45}.Release|Any CPU.ActiveCfg = Release|Any CPU
		{7FBC40C5-B7D2-424B-A937-A326B4801C45}.Release|Any CPU.Build.0 = Release|Any CPU
		{5CC95DBA-8280-400A-A86A-7BEDD8E08B88}.Debug|Any CPU.ActiveCfg = Debug|Any CPU
		{5CC95DBA-8280-400A-A86A-7BEDD8E08B88}.Debug|Any CPU.Build.0 = Debug|Any CPU
		{5CC95DBA-8280-400A-A86A-7BEDD8E08B88}.Release|Any CPU.ActiveCfg = Release|Any CPU
		{5CC95DBA-8280-400A-A86A-7BEDD8E08B88}.Release|Any CPU.Build.0 = Release|Any CPU
	EndGlobalSection
	GlobalSection(SolutionProperties) = preSolution
		HideSolutionNode = FALSE
	EndGlobalSection
	GlobalSection(NestedProjects) = preSolution
		{D874BE29-20C9-4861-8638-07D49DF5F2B2} = {02EA681E-C7D8-13C7-8484-4AC65E1B71E8}
		{AAC2A6D8-2298-4AF7-8432-462AFA914EE4} = {02EA681E-C7D8-13C7-8484-4AC65E1B71E8}
		{5FE0CE61-81C8-4B39-A688-F7A5EE708220} = {02EA681E-C7D8-13C7-8484-4AC65E1B71E8}
		{77B24238-5D9E-4938-8AE7-15A28EDF2244} = {02EA681E-C7D8-13C7-8484-4AC65E1B71E8}
		{8C81F251-855C-4F90-9FCB-33ED50727125} = {77B24238-5D9E-4938-8AE7-15A28EDF2244}
		{95A47969-C1AD-42EC-8589-00C3BEC7C64E} = {8EE44C4F-E0B7-4655-953A-B250AA89352E}
		{1B950583-8DFE-06F0-A819-B968B9EEAF11} = {6E5F6449-B33F-468E-B77D-675D819047BC}
		{A90DD042-FBB9-DEF0-FEB4-E2ADCC379306} = {D049B4A6-B82E-4FFB-9C73-E8697B5424A8}
		{C45C380A-6A31-4E5F-BA61-CDB4461D0661} = {1516ED67-2514-4808-9343-E662D53FFF71}
		{D049B4A6-B82E-4FFB-9C73-E8697B5424A8} = {D874BE29-20C9-4861-8638-07D49DF5F2B2}
		{8EE44C4F-E0B7-4655-953A-B250AA89352E} = {D874BE29-20C9-4861-8638-07D49DF5F2B2}
		{6E5F6449-B33F-468E-B77D-675D819047BC} = {D874BE29-20C9-4861-8638-07D49DF5F2B2}
		{4A92435F-5BE8-40C9-9FC7-65AC6EBAD2B2} = {AAC2A6D8-2298-4AF7-8432-462AFA914EE4}
		{46027DBA-3299-4D39-9CA2-7701519CB666} = {AAC2A6D8-2298-4AF7-8432-462AFA914EE4}
		{34701551-648A-47D3-B89A-CA29957D39B8} = {AAC2A6D8-2298-4AF7-8432-462AFA914EE4}
		{B06FCCC2-4657-4E6F-A0F6-A2EE8E4FB602} = {5FE0CE61-81C8-4B39-A688-F7A5EE708220}
		{15167505-54BD-4632-80CF-4CF45B19F07F} = {5FE0CE61-81C8-4B39-A688-F7A5EE708220}
		{8545B8BC-F7D1-4531-B9DE-7DFF4100B355} = {5FE0CE61-81C8-4B39-A688-F7A5EE708220}
		{BFDE5A58-1092-4659-8324-4AAFE3F10BE3} = {4A92435F-5BE8-40C9-9FC7-65AC6EBAD2B2}
		{7FBC40C5-B7D2-424B-A937-A326B4801C45} = {34701551-648A-47D3-B89A-CA29957D39B8}
		{5CC95DBA-8280-400A-A86A-7BEDD8E08B88} = {46027DBA-3299-4D39-9CA2-7701519CB666}
	EndGlobalSection
	GlobalSection(ExtensibilityGlobals) = postSolution
		SolutionGuid = {C5D74D8C-90A0-4C5C-89D8-4741FB78B6B6}
	EndGlobalSection
EndGlobal
